// !$*UTF8*$!
{
	archiveVersion = 1;
	classes = {
	};
	objectVersion = 55;
	objects = {

/* Begin PBXBuildFile section */
		3E9206B6284AE2C400D064E6 /* ImageViewModel.swift in Sources */ = {isa = PBXBuildFile; fileRef = 3E9206B5284AE2C400D064E6 /* ImageViewModel.swift */; };
		3E9206C0284B249C00D064E6 /* VoicemailView.swift in Sources */ = {isa = PBXBuildFile; fileRef = 3E9206BF284B249C00D064E6 /* VoicemailView.swift */; };
		3E9206C2284B24CF00D064E6 /* DateToStringViewModel.swift in Sources */ = {isa = PBXBuildFile; fileRef = 3E9206C1284B24CF00D064E6 /* DateToStringViewModel.swift */; };
		3E9206CC284F343200D064E6 /* Recording.swift in Sources */ = {isa = PBXBuildFile; fileRef = 3E9206CB284F343200D064E6 /* Recording.swift */; };
		3E9206D0284F3BA300D064E6 /* Test.swift in Sources */ = {isa = PBXBuildFile; fileRef = 3E9206CF284F3BA300D064E6 /* Test.swift */; };
		3E9206D3285035D900D064E6 /* VoiceRecorderViewModel.swift in Sources */ = {isa = PBXBuildFile; fileRef = 3E9206C7284C2A3100D064E6 /* VoiceRecorderViewModel.swift */; };
		3EBE43782849B6D30085C7C6 /* liveOnApp.swift in Sources */ = {isa = PBXBuildFile; fileRef = 3EBE43772849B6D30085C7C6 /* liveOnApp.swift */; };
		3EBE437A2849B6D30085C7C6 /* ContentView.swift in Sources */ = {isa = PBXBuildFile; fileRef = 3EBE43792849B6D30085C7C6 /* ContentView.swift */; };
		3EBE437C2849B6D50085C7C6 /* Assets.xcassets in Resources */ = {isa = PBXBuildFile; fileRef = 3EBE437B2849B6D50085C7C6 /* Assets.xcassets */; };
		3EBE437F2849B6D50085C7C6 /* Preview Assets.xcassets in Resources */ = {isa = PBXBuildFile; fileRef = 3EBE437E2849B6D50085C7C6 /* Preview Assets.xcassets */; };
		3EC5EA8A2856C38100DEBA44 /* VoicemailCassetteView.swift in Sources */ = {isa = PBXBuildFile; fileRef = 3EC5EA892856C38100DEBA44 /* VoicemailCassetteView.swift */; };
		3EC5EA8C2856C6E400DEBA44 /* ConvertSecToMinAndHour.swift in Sources */ = {isa = PBXBuildFile; fileRef = 3EC5EA8B2856C6E400DEBA44 /* ConvertSecToMinAndHour.swift */; };
		3EDF0F3F285867910048A63C /* Moya in Frameworks */ = {isa = PBXBuildFile; productRef = 3EDF0F3E285867910048A63C /* Moya */; };
		3EDF0F41285868520048A63C /* ServerCommunicationViewModel.swift in Sources */ = {isa = PBXBuildFile; fileRef = 3EDF0F40285868520048A63C /* ServerCommunicationViewModel.swift */; };
		3EDF0F4428586CEA0048A63C /* NetworkLoggerPlugin.swift in Sources */ = {isa = PBXBuildFile; fileRef = 3EDF0F4328586CEA0048A63C /* NetworkLoggerPlugin.swift */; };
		3EDF0F47285879D20048A63C /* FSCalendar in Frameworks */ = {isa = PBXBuildFile; productRef = 3EDF0F46285879D20048A63C /* FSCalendar */; };
		3EDF0F6E285A0E7D0048A63C /* test3.m4a in Resources */ = {isa = PBXBuildFile; fileRef = 3EDF0F6B285A0E7D0048A63C /* test3.m4a */; };
		3EDF0F6F285A0E7D0048A63C /* test1.m4a in Resources */ = {isa = PBXBuildFile; fileRef = 3EDF0F6C285A0E7D0048A63C /* test1.m4a */; };
		3EDF0F70285A0E7D0048A63C /* test2.m4a in Resources */ = {isa = PBXBuildFile; fileRef = 3EDF0F6D285A0E7D0048A63C /* test2.m4a */; };
		77196611284B3E61002E6AC0 /* .swiftlint.yml in Resources */ = {isa = PBXBuildFile; fileRef = 77196610284B3E61002E6AC0 /* .swiftlint.yml */; };
		77196614284B41E8002E6AC0 /* GiftBoxView.swift in Sources */ = {isa = PBXBuildFile; fileRef = 77196613284B41E8002E6AC0 /* GiftBoxView.swift */; };
		77196616284B4DC7002E6AC0 /* CreateGiftListView.swift in Sources */ = {isa = PBXBuildFile; fileRef = 77196615284B4DC7002E6AC0 /* CreateGiftListView.swift */; };
		773C1A52284F37E400E93BFE /* Letter.swift in Sources */ = {isa = PBXBuildFile; fileRef = 773C1A51284F37E400E93BFE /* Letter.swift */; };
		773C1A54284F37F700E93BFE /* LetterListView.swift in Sources */ = {isa = PBXBuildFile; fileRef = 773C1A53284F37F700E93BFE /* LetterListView.swift */; };
		773C1A56284F3A5800E93BFE /* CreateLetterView.swift in Sources */ = {isa = PBXBuildFile; fileRef = 773C1A55284F3A5800E93BFE /* CreateLetterView.swift */; };
		773C1A58284F3B5500E93BFE /* TextLimiter.swift in Sources */ = {isa = PBXBuildFile; fileRef = 773C1A57284F3B5500E93BFE /* TextLimiter.swift */; };
		77403C832850AA60000A21EE /* SetBirthdayView.swift in Sources */ = {isa = PBXBuildFile; fileRef = 77403C7F2850AA60000A21EE /* SetBirthdayView.swift */; };
		77403C842850AA60000A21EE /* User.swift in Sources */ = {isa = PBXBuildFile; fileRef = 77403C802850AA60000A21EE /* User.swift */; };
		77403C852850AA60000A21EE /* SetNicknameView.swift in Sources */ = {isa = PBXBuildFile; fileRef = 77403C812850AA60000A21EE /* SetNicknameView.swift */; };
		77403C862850AA60000A21EE /* GettingStartView.swift in Sources */ = {isa = PBXBuildFile; fileRef = 77403C822850AA60000A21EE /* GettingStartView.swift */; };
		77403C882850AFEE000A21EE /* SetFirstDayView.swift in Sources */ = {isa = PBXBuildFile; fileRef = 77403C872850AFEE000A21EE /* SetFirstDayView.swift */; };
		77403C8A2850B7E9000A21EE /* SelectWhatToDoView.swift in Sources */ = {isa = PBXBuildFile; fileRef = 77403C892850B7E9000A21EE /* SelectWhatToDoView.swift */; };
		77403C8F28519B04000A21EE /* SignInWithAppleViewModel.swift in Sources */ = {isa = PBXBuildFile; fileRef = 77403C8E28519B04000A21EE /* SignInWithAppleViewModel.swift */; };
		77403C9228524487000A21EE /* FSCalendar in Frameworks */ = {isa = PBXBuildFile; productRef = 77403C9128524487000A21EE /* FSCalendar */; };
		77813AE22855B4B40084828D /* PillView.swift in Sources */ = {isa = PBXBuildFile; fileRef = 77813AE12855B4B40084828D /* PillView.swift */; };
		77A30A8C285B0588009548E5 /* VoicemailsView.swift in Sources */ = {isa = PBXBuildFile; fileRef = 77A30A8B285B0588009548E5 /* VoicemailsView.swift */; };
		77A30A8E285B05B9009548E5 /* VoicemailCassette.swift in Sources */ = {isa = PBXBuildFile; fileRef = 77A30A8D285B05B9009548E5 /* VoicemailCassette.swift */; };
		77A9654B285A5BFB00511556 /* AppleSocialLogin.swift in Sources */ = {isa = PBXBuildFile; fileRef = 77A9654A285A5BFB00511556 /* AppleSocialLogin.swift */; };
		77A9654D285A626800511556 /* AuthenticationViewModel.swift in Sources */ = {isa = PBXBuildFile; fileRef = 77A9654C285A626800511556 /* AuthenticationViewModel.swift */; };
		A44EE0492856C6E900CC25A0 /* Flower.swift in Sources */ = {isa = PBXBuildFile; fileRef = A44EE0482856C6E900CC25A0 /* Flower.swift */; };
		A44EE04B2856C71000CC25A0 /* Pill.swift in Sources */ = {isa = PBXBuildFile; fileRef = A44EE04A2856C71000CC25A0 /* Pill.swift */; };
		A44EE04D2856C74B00CC25A0 /* PillListView.swift in Sources */ = {isa = PBXBuildFile; fileRef = A44EE04C2856C74B00CC25A0 /* PillListView.swift */; };
		A464B6912859C710003DC2EA /* PillPopUpView.swift in Sources */ = {isa = PBXBuildFile; fileRef = A464B6902859C710003DC2EA /* PillPopUpView.swift */; };
		A4DA9D2B28571AD60038B34D /* FlowerView.swift in Sources */ = {isa = PBXBuildFile; fileRef = A44EE0472856C15400CC25A0 /* FlowerView.swift */; };
		A4DA9D2D28571B4C0038B34D /* FlowerPopUpView.swift in Sources */ = {isa = PBXBuildFile; fileRef = A4DA9D2C28571B4C0038B34D /* FlowerPopUpView.swift */; };
		A92A88C728506B8700A71FCC /* PhotoCardsView.swift in Sources */ = {isa = PBXBuildFile; fileRef = A92A88C628506B8700A71FCC /* PhotoCardsView.swift */; };
		A932622B284F2A9600E5C0A3 /* Picker.swift in Sources */ = {isa = PBXBuildFile; fileRef = A932622A284F2A9600E5C0A3 /* Picker.swift */; };
		A932622D284F2AA900E5C0A3 /* MyImage.swift in Sources */ = {isa = PBXBuildFile; fileRef = A932622C284F2AA900E5C0A3 /* MyImage.swift */; };
		A932622F284F2AD400E5C0A3 /* ImagePicker.swift in Sources */ = {isa = PBXBuildFile; fileRef = A932622E284F2AD400E5C0A3 /* ImagePicker.swift */; };
		A9326231284F2B0700E5C0A3 /* FileManager+Extension.swift in Sources */ = {isa = PBXBuildFile; fileRef = A9326230284F2B0700E5C0A3 /* FileManager+Extension.swift */; };
		A9452D862858DD3B003E6450 /* CoupleInformation.swift in Sources */ = {isa = PBXBuildFile; fileRef = A9452D852858DD3B003E6450 /* CoupleInformation.swift */; };
		A9452D892858E084003E6450 /* DetailedInformationView.swift in Sources */ = {isa = PBXBuildFile; fileRef = A9452D882858E084003E6450 /* DetailedInformationView.swift */; };
		A96DE308285859FF00A06E1D /* CombineMoya in Frameworks */ = {isa = PBXBuildFile; productRef = A96DE307285859FF00A06E1D /* CombineMoya */; };
		A96DE30A285859FF00A06E1D /* Moya in Frameworks */ = {isa = PBXBuildFile; productRef = A96DE309285859FF00A06E1D /* Moya */; };
		A96DE30C285859FF00A06E1D /* ReactiveMoya in Frameworks */ = {isa = PBXBuildFile; productRef = A96DE30B285859FF00A06E1D /* ReactiveMoya */; };
		A96DE30E285859FF00A06E1D /* RxMoya in Frameworks */ = {isa = PBXBuildFile; productRef = A96DE30D285859FF00A06E1D /* RxMoya */; };
		A981538128587CE100476507 /* BackButtonExtension.swift in Sources */ = {isa = PBXBuildFile; fileRef = A981538028587CE100476507 /* BackButtonExtension.swift */; };
		C91EB94A285868F100EB648B /* FlowerListView.swift in Sources */ = {isa = PBXBuildFile; fileRef = A44EE0462856C15400CC25A0 /* FlowerListView.swift */; };
		C91EB94B2858692A00EB648B /* ServerCommunication.swift in Sources */ = {isa = PBXBuildFile; fileRef = 3E9206B3284AE2B700D064E6 /* ServerCommunication.swift */; };
		C91EB9532859A42500EB648B /* DateExtension.swift in Sources */ = {isa = PBXBuildFile; fileRef = C91EB9522859A42500EB648B /* DateExtension.swift */; };
		C92B3BE5285175070010C49A /* PhotoGiftView.swift in Sources */ = {isa = PBXBuildFile; fileRef = A9326228284F2A2800E5C0A3 /* PhotoGiftView.swift */; };
		C97222EF2859BFCB004B3628 /* DateToStringEvent.swift in Sources */ = {isa = PBXBuildFile; fileRef = C97222EE2859BFCB004B3628 /* DateToStringEvent.swift */; };
		C9CEAEC8284F151A00769E4E /* DateValue.swift in Sources */ = {isa = PBXBuildFile; fileRef = C9CEAEC7284F151A00769E4E /* DateValue.swift */; };
		C9CEAECB284F15DA00769E4E /* CalendarMain.swift in Sources */ = {isa = PBXBuildFile; fileRef = C9CEAECA284F15DA00769E4E /* CalendarMain.swift */; };
		C9CEAECE284F17E300769E4E /* ColorExtension.swift in Sources */ = {isa = PBXBuildFile; fileRef = 77196618284C6FA9002E6AC0 /* ColorExtension.swift */; };
		C9CEAED0284F18FA00769E4E /* CalendarBack.swift in Sources */ = {isa = PBXBuildFile; fileRef = C9CEAECF284F18FA00769E4E /* CalendarBack.swift */; };
		C9CEAED6284F394A00769E4E /* PlusSetting.swift in Sources */ = {isa = PBXBuildFile; fileRef = C9CEAED5284F394A00769E4E /* PlusSetting.swift */; };
		C9FE9E0828571F71007B6EA5 /* MoveDatePicker.swift in Sources */ = {isa = PBXBuildFile; fileRef = C9FE9E0728571F71007B6EA5 /* MoveDatePicker.swift */; };
/* End PBXBuildFile section */

/* Begin PBXFileReference section */
		3E9206B3284AE2B700D064E6 /* ServerCommunication.swift */ = {isa = PBXFileReference; lastKnownFileType = sourcecode.swift; path = ServerCommunication.swift; sourceTree = "<group>"; };
		3E9206B5284AE2C400D064E6 /* ImageViewModel.swift */ = {isa = PBXFileReference; lastKnownFileType = sourcecode.swift; path = ImageViewModel.swift; sourceTree = "<group>"; };
		3E9206BF284B249C00D064E6 /* VoicemailView.swift */ = {isa = PBXFileReference; lastKnownFileType = sourcecode.swift; path = VoicemailView.swift; sourceTree = "<group>"; };
		3E9206C1284B24CF00D064E6 /* DateToStringViewModel.swift */ = {isa = PBXFileReference; lastKnownFileType = sourcecode.swift; path = DateToStringViewModel.swift; sourceTree = "<group>"; };
		3E9206C7284C2A3100D064E6 /* VoiceRecorderViewModel.swift */ = {isa = PBXFileReference; lastKnownFileType = sourcecode.swift; path = VoiceRecorderViewModel.swift; sourceTree = "<group>"; };
		3E9206CB284F343200D064E6 /* Recording.swift */ = {isa = PBXFileReference; lastKnownFileType = sourcecode.swift; path = Recording.swift; sourceTree = "<group>"; };
		3E9206CF284F3BA300D064E6 /* Test.swift */ = {isa = PBXFileReference; lastKnownFileType = sourcecode.swift; path = Test.swift; sourceTree = "<group>"; };
		3EBE43742849B6D30085C7C6 /* liveOn.app */ = {isa = PBXFileReference; explicitFileType = wrapper.application; includeInIndex = 0; path = liveOn.app; sourceTree = BUILT_PRODUCTS_DIR; };
		3EBE43772849B6D30085C7C6 /* liveOnApp.swift */ = {isa = PBXFileReference; lastKnownFileType = sourcecode.swift; path = liveOnApp.swift; sourceTree = "<group>"; };
		3EBE43792849B6D30085C7C6 /* ContentView.swift */ = {isa = PBXFileReference; lastKnownFileType = sourcecode.swift; path = ContentView.swift; sourceTree = "<group>"; };
		3EBE437B2849B6D50085C7C6 /* Assets.xcassets */ = {isa = PBXFileReference; lastKnownFileType = folder.assetcatalog; path = Assets.xcassets; sourceTree = "<group>"; };
		3EBE437E2849B6D50085C7C6 /* Preview Assets.xcassets */ = {isa = PBXFileReference; lastKnownFileType = folder.assetcatalog; path = "Preview Assets.xcassets"; sourceTree = "<group>"; };
		3EC5EA892856C38100DEBA44 /* VoicemailCassetteView.swift */ = {isa = PBXFileReference; lastKnownFileType = sourcecode.swift; path = VoicemailCassetteView.swift; sourceTree = "<group>"; };
		3EC5EA8B2856C6E400DEBA44 /* ConvertSecToMinAndHour.swift */ = {isa = PBXFileReference; lastKnownFileType = sourcecode.swift; path = ConvertSecToMinAndHour.swift; sourceTree = "<group>"; };
		3EDF0F40285868520048A63C /* ServerCommunicationViewModel.swift */ = {isa = PBXFileReference; lastKnownFileType = sourcecode.swift; path = ServerCommunicationViewModel.swift; sourceTree = "<group>"; };
		3EDF0F4328586CEA0048A63C /* NetworkLoggerPlugin.swift */ = {isa = PBXFileReference; lastKnownFileType = sourcecode.swift; path = NetworkLoggerPlugin.swift; sourceTree = "<group>"; };
		3EDF0F6B285A0E7D0048A63C /* test3.m4a */ = {isa = PBXFileReference; lastKnownFileType = file; path = test3.m4a; sourceTree = "<group>"; };
		3EDF0F6C285A0E7D0048A63C /* test1.m4a */ = {isa = PBXFileReference; lastKnownFileType = file; path = test1.m4a; sourceTree = "<group>"; };
		3EDF0F6D285A0E7D0048A63C /* test2.m4a */ = {isa = PBXFileReference; lastKnownFileType = file; path = test2.m4a; sourceTree = "<group>"; };
		77196610284B3E61002E6AC0 /* .swiftlint.yml */ = {isa = PBXFileReference; fileEncoding = 4; lastKnownFileType = text.yaml; name = .swiftlint.yml; path = liveOn/.swiftlint.yml; sourceTree = "<group>"; };
		77196613284B41E8002E6AC0 /* GiftBoxView.swift */ = {isa = PBXFileReference; lastKnownFileType = sourcecode.swift; path = GiftBoxView.swift; sourceTree = "<group>"; };
		77196615284B4DC7002E6AC0 /* CreateGiftListView.swift */ = {isa = PBXFileReference; lastKnownFileType = sourcecode.swift; path = CreateGiftListView.swift; sourceTree = "<group>"; };
		77196618284C6FA9002E6AC0 /* ColorExtension.swift */ = {isa = PBXFileReference; lastKnownFileType = sourcecode.swift; path = ColorExtension.swift; sourceTree = "<group>"; };
		773C1A51284F37E400E93BFE /* Letter.swift */ = {isa = PBXFileReference; lastKnownFileType = sourcecode.swift; path = Letter.swift; sourceTree = "<group>"; };
		773C1A53284F37F700E93BFE /* LetterListView.swift */ = {isa = PBXFileReference; lastKnownFileType = sourcecode.swift; path = LetterListView.swift; sourceTree = "<group>"; };
		773C1A55284F3A5800E93BFE /* CreateLetterView.swift */ = {isa = PBXFileReference; lastKnownFileType = sourcecode.swift; path = CreateLetterView.swift; sourceTree = "<group>"; };
		773C1A57284F3B5500E93BFE /* TextLimiter.swift */ = {isa = PBXFileReference; lastKnownFileType = sourcecode.swift; path = TextLimiter.swift; sourceTree = "<group>"; };
		77403C7F2850AA60000A21EE /* SetBirthdayView.swift */ = {isa = PBXFileReference; fileEncoding = 4; lastKnownFileType = sourcecode.swift; path = SetBirthdayView.swift; sourceTree = "<group>"; };
		77403C802850AA60000A21EE /* User.swift */ = {isa = PBXFileReference; fileEncoding = 4; lastKnownFileType = sourcecode.swift; path = User.swift; sourceTree = "<group>"; };
		77403C812850AA60000A21EE /* SetNicknameView.swift */ = {isa = PBXFileReference; fileEncoding = 4; lastKnownFileType = sourcecode.swift; path = SetNicknameView.swift; sourceTree = "<group>"; };
		77403C822850AA60000A21EE /* GettingStartView.swift */ = {isa = PBXFileReference; fileEncoding = 4; lastKnownFileType = sourcecode.swift; path = GettingStartView.swift; sourceTree = "<group>"; };
		77403C872850AFEE000A21EE /* SetFirstDayView.swift */ = {isa = PBXFileReference; lastKnownFileType = sourcecode.swift; path = SetFirstDayView.swift; sourceTree = "<group>"; };
		77403C892850B7E9000A21EE /* SelectWhatToDoView.swift */ = {isa = PBXFileReference; lastKnownFileType = sourcecode.swift; path = SelectWhatToDoView.swift; sourceTree = "<group>"; };
		77403C8B285193FE000A21EE /* QuickSignInWithApple.swift */ = {isa = PBXFileReference; lastKnownFileType = sourcecode.swift; path = QuickSignInWithApple.swift; sourceTree = "<group>"; };
		77403C8D28519991000A21EE /* liveOn.entitlements */ = {isa = PBXFileReference; lastKnownFileType = text.plist.entitlements; path = liveOn.entitlements; sourceTree = "<group>"; };
		77403C8E28519B04000A21EE /* SignInWithAppleViewModel.swift */ = {isa = PBXFileReference; lastKnownFileType = sourcecode.swift; path = SignInWithAppleViewModel.swift; sourceTree = "<group>"; };
		77813AE12855B4B40084828D /* PillView.swift */ = {isa = PBXFileReference; fileEncoding = 4; lastKnownFileType = sourcecode.swift; path = PillView.swift; sourceTree = "<group>"; };
		77A30A8B285B0588009548E5 /* VoicemailsView.swift */ = {isa = PBXFileReference; lastKnownFileType = sourcecode.swift; path = VoicemailsView.swift; sourceTree = "<group>"; };
		77A30A8D285B05B9009548E5 /* VoicemailCassette.swift */ = {isa = PBXFileReference; lastKnownFileType = sourcecode.swift; path = VoicemailCassette.swift; sourceTree = "<group>"; };
		77A9654A285A5BFB00511556 /* AppleSocialLogin.swift */ = {isa = PBXFileReference; lastKnownFileType = sourcecode.swift; path = AppleSocialLogin.swift; sourceTree = "<group>"; };
		77A9654C285A626800511556 /* AuthenticationViewModel.swift */ = {isa = PBXFileReference; lastKnownFileType = sourcecode.swift; path = AuthenticationViewModel.swift; sourceTree = "<group>"; };
		A44EE0462856C15400CC25A0 /* FlowerListView.swift */ = {isa = PBXFileReference; lastKnownFileType = sourcecode.swift; path = FlowerListView.swift; sourceTree = "<group>"; };
		A44EE0472856C15400CC25A0 /* FlowerView.swift */ = {isa = PBXFileReference; lastKnownFileType = sourcecode.swift; path = FlowerView.swift; sourceTree = "<group>"; };
		A44EE0482856C6E900CC25A0 /* Flower.swift */ = {isa = PBXFileReference; lastKnownFileType = sourcecode.swift; path = Flower.swift; sourceTree = "<group>"; };
		A44EE04A2856C71000CC25A0 /* Pill.swift */ = {isa = PBXFileReference; lastKnownFileType = sourcecode.swift; path = Pill.swift; sourceTree = "<group>"; };
		A44EE04C2856C74B00CC25A0 /* PillListView.swift */ = {isa = PBXFileReference; lastKnownFileType = sourcecode.swift; path = PillListView.swift; sourceTree = "<group>"; };
		A464B6902859C710003DC2EA /* PillPopUpView.swift */ = {isa = PBXFileReference; lastKnownFileType = sourcecode.swift; path = PillPopUpView.swift; sourceTree = "<group>"; };
		A4DA9D2C28571B4C0038B34D /* FlowerPopUpView.swift */ = {isa = PBXFileReference; lastKnownFileType = sourcecode.swift; path = FlowerPopUpView.swift; sourceTree = "<group>"; };
		A92A88C628506B8700A71FCC /* PhotoCardsView.swift */ = {isa = PBXFileReference; lastKnownFileType = sourcecode.swift; path = PhotoCardsView.swift; sourceTree = "<group>"; };
		A9326228284F2A2800E5C0A3 /* PhotoGiftView.swift */ = {isa = PBXFileReference; lastKnownFileType = sourcecode.swift; path = PhotoGiftView.swift; sourceTree = "<group>"; };
		A932622A284F2A9600E5C0A3 /* Picker.swift */ = {isa = PBXFileReference; lastKnownFileType = sourcecode.swift; path = Picker.swift; sourceTree = "<group>"; };
		A932622C284F2AA900E5C0A3 /* MyImage.swift */ = {isa = PBXFileReference; lastKnownFileType = sourcecode.swift; path = MyImage.swift; sourceTree = "<group>"; };
		A932622E284F2AD400E5C0A3 /* ImagePicker.swift */ = {isa = PBXFileReference; lastKnownFileType = sourcecode.swift; path = ImagePicker.swift; sourceTree = "<group>"; };
		A9326230284F2B0700E5C0A3 /* FileManager+Extension.swift */ = {isa = PBXFileReference; lastKnownFileType = sourcecode.swift; path = "FileManager+Extension.swift"; sourceTree = "<group>"; };
		A9452D852858DD3B003E6450 /* CoupleInformation.swift */ = {isa = PBXFileReference; lastKnownFileType = sourcecode.swift; path = CoupleInformation.swift; sourceTree = "<group>"; };
		A9452D882858E084003E6450 /* DetailedInformationView.swift */ = {isa = PBXFileReference; lastKnownFileType = sourcecode.swift; path = DetailedInformationView.swift; sourceTree = "<group>"; };
		A981538028587CE100476507 /* BackButtonExtension.swift */ = {isa = PBXFileReference; lastKnownFileType = sourcecode.swift; path = BackButtonExtension.swift; sourceTree = "<group>"; };
		C91EB9522859A42500EB648B /* DateExtension.swift */ = {isa = PBXFileReference; lastKnownFileType = sourcecode.swift; path = DateExtension.swift; sourceTree = "<group>"; };
		C97222EE2859BFCB004B3628 /* DateToStringEvent.swift */ = {isa = PBXFileReference; lastKnownFileType = sourcecode.swift; path = DateToStringEvent.swift; sourceTree = "<group>"; };
		C9CEAEC7284F151A00769E4E /* DateValue.swift */ = {isa = PBXFileReference; lastKnownFileType = sourcecode.swift; path = DateValue.swift; sourceTree = "<group>"; };
		C9CEAECA284F15DA00769E4E /* CalendarMain.swift */ = {isa = PBXFileReference; lastKnownFileType = sourcecode.swift; path = CalendarMain.swift; sourceTree = "<group>"; };
		C9CEAECF284F18FA00769E4E /* CalendarBack.swift */ = {isa = PBXFileReference; lastKnownFileType = sourcecode.swift; path = CalendarBack.swift; sourceTree = "<group>"; };
		C9CEAED5284F394A00769E4E /* PlusSetting.swift */ = {isa = PBXFileReference; lastKnownFileType = sourcecode.swift; path = PlusSetting.swift; sourceTree = "<group>"; };
		C9FE9E0728571F71007B6EA5 /* MoveDatePicker.swift */ = {isa = PBXFileReference; lastKnownFileType = sourcecode.swift; path = MoveDatePicker.swift; sourceTree = "<group>"; };
/* End PBXFileReference section */

/* Begin PBXFrameworksBuildPhase section */
		3EBE43712849B6D30085C7C6 /* Frameworks */ = {
			isa = PBXFrameworksBuildPhase;
			buildActionMask = 2147483647;
			files = (
				A96DE30E285859FF00A06E1D /* RxMoya in Frameworks */,
				A96DE308285859FF00A06E1D /* CombineMoya in Frameworks */,
				3EDF0F3F285867910048A63C /* Moya in Frameworks */,
				A96DE30C285859FF00A06E1D /* ReactiveMoya in Frameworks */,
				77403C9228524487000A21EE /* FSCalendar in Frameworks */,
				3EDF0F47285879D20048A63C /* FSCalendar in Frameworks */,
				A96DE30A285859FF00A06E1D /* Moya in Frameworks */,
			);
			runOnlyForDeploymentPostprocessing = 0;
		};
/* End PBXFrameworksBuildPhase section */

/* Begin PBXGroup section */
		3E9206B0284AE1CC00D064E6 /* Views */ = {
			isa = PBXGroup;
			children = (
				C9CEAEC9284F159400769E4E /* Calendar */,
				A44EE0452856C15400CC25A0 /* Flower */,
				773C1A50284F37D600E93BFE /* Letter */,
				A9326227284F2A1300E5C0A3 /* PictureGift */,
				77813AE32855B4BF0084828D /* Pill */,
				77403C7E2850AA60000A21EE /* SignIn */,
				3E9206BE284B248E00D064E6 /* Voicemail */,
				3EBE43792849B6D30085C7C6 /* ContentView.swift */,
				77196613284B41E8002E6AC0 /* GiftBoxView.swift */,
				77196615284B4DC7002E6AC0 /* CreateGiftListView.swift */,
				A9452D872858DD44003E6450 /* CoupleInformation */,
			);
			path = Views;
			sourceTree = "<group>";
		};
		3E9206B1284AE1D200D064E6 /* Models */ = {
			isa = PBXGroup;
			children = (
				3E9206B3284AE2B700D064E6 /* ServerCommunication.swift */,
				C9CEAEC7284F151A00769E4E /* DateValue.swift */,
				A932622A284F2A9600E5C0A3 /* Picker.swift */,
				A932622E284F2AD400E5C0A3 /* ImagePicker.swift */,
				A932622C284F2AA900E5C0A3 /* MyImage.swift */,
				3E9206CB284F343200D064E6 /* Recording.swift */,
				3E9206CF284F3BA300D064E6 /* Test.swift */,
				77A9654A285A5BFB00511556 /* AppleSocialLogin.swift */,
			);
			path = Models;
			sourceTree = "<group>";
		};
		3E9206B2284AE1D700D064E6 /* ViewModels */ = {
			isa = PBXGroup;
			children = (
				3E9206B5284AE2C400D064E6 /* ImageViewModel.swift */,
				3E9206C1284B24CF00D064E6 /* DateToStringViewModel.swift */,
				3E9206C7284C2A3100D064E6 /* VoiceRecorderViewModel.swift */,
				77403C8B285193FE000A21EE /* QuickSignInWithApple.swift */,
				77403C8E28519B04000A21EE /* SignInWithAppleViewModel.swift */,
				C97222EE2859BFCB004B3628 /* DateToStringEvent.swift */,
				3EDF0F40285868520048A63C /* ServerCommunicationViewModel.swift */,
				77A9654C285A626800511556 /* AuthenticationViewModel.swift */,
			);
			path = ViewModels;
			sourceTree = "<group>";
		};
		3E9206BE284B248E00D064E6 /* Voicemail */ = {
			isa = PBXGroup;
			children = (
				3E9206BF284B249C00D064E6 /* VoicemailView.swift */,
				3EC5EA892856C38100DEBA44 /* VoicemailCassetteView.swift */,
				77A30A8B285B0588009548E5 /* VoicemailsView.swift */,
				77A30A8D285B05B9009548E5 /* VoicemailCassette.swift */,
			);
			path = Voicemail;
			sourceTree = "<group>";
		};
		3EBE436B2849B6D30085C7C6 = {
			isa = PBXGroup;
			children = (
				77196610284B3E61002E6AC0 /* .swiftlint.yml */,
				3EBE43762849B6D30085C7C6 /* liveOn */,
				3EBE43752849B6D30085C7C6 /* Products */,
				77813ADD2855B3DF0084828D /* Recovered References */,
			);
			sourceTree = "<group>";
		};
		3EBE43752849B6D30085C7C6 /* Products */ = {
			isa = PBXGroup;
			children = (
				3EBE43742849B6D30085C7C6 /* liveOn.app */,
			);
			name = Products;
			sourceTree = "<group>";
		};
		3EBE43762849B6D30085C7C6 /* liveOn */ = {
			isa = PBXGroup;
			children = (
				3EDF0F6A285A0E730048A63C /* SampleData */,
				3EDF0F4228586C7B0048A63C /* Etc */,
				77403C8D28519991000A21EE /* liveOn.entitlements */,
				77196617284C6F8D002E6AC0 /* Extensions */,
				3E9206B2284AE1D700D064E6 /* ViewModels */,
				3E9206B1284AE1D200D064E6 /* Models */,
				3E9206B0284AE1CC00D064E6 /* Views */,
				3EBE43772849B6D30085C7C6 /* liveOnApp.swift */,
				3EBE437B2849B6D50085C7C6 /* Assets.xcassets */,
				3EBE437D2849B6D50085C7C6 /* Preview Content */,
			);
			path = liveOn;
			sourceTree = "<group>";
		};
		3EBE437D2849B6D50085C7C6 /* Preview Content */ = {
			isa = PBXGroup;
			children = (
				3EBE437E2849B6D50085C7C6 /* Preview Assets.xcassets */,
			);
			path = "Preview Content";
			sourceTree = "<group>";
		};
		3EDF0F4228586C7B0048A63C /* Etc */ = {
			isa = PBXGroup;
			children = (
				3EDF0F4328586CEA0048A63C /* NetworkLoggerPlugin.swift */,
			);
			path = Etc;
			sourceTree = "<group>";
		};
		3EDF0F6A285A0E730048A63C /* SampleData */ = {
			isa = PBXGroup;
			children = (
				3EDF0F6C285A0E7D0048A63C /* test1.m4a */,
				3EDF0F6D285A0E7D0048A63C /* test2.m4a */,
				3EDF0F6B285A0E7D0048A63C /* test3.m4a */,
			);
			path = SampleData;
			sourceTree = "<group>";
		};
		77196617284C6F8D002E6AC0 /* Extensions */ = {
			isa = PBXGroup;
			children = (
				77196618284C6FA9002E6AC0 /* ColorExtension.swift */,
				A9326230284F2B0700E5C0A3 /* FileManager+Extension.swift */,
				3EC5EA8B2856C6E400DEBA44 /* ConvertSecToMinAndHour.swift */,
				C91EB9522859A42500EB648B /* DateExtension.swift */,
				A981538028587CE100476507 /* BackButtonExtension.swift */,
			);
			path = Extensions;
			sourceTree = "<group>";
		};
		773C1A50284F37D600E93BFE /* Letter */ = {
			isa = PBXGroup;
			children = (
				773C1A53284F37F700E93BFE /* LetterListView.swift */,
				773C1A55284F3A5800E93BFE /* CreateLetterView.swift */,
				773C1A57284F3B5500E93BFE /* TextLimiter.swift */,
				773C1A51284F37E400E93BFE /* Letter.swift */,
			);
			path = Letter;
			sourceTree = "<group>";
		};
		77403C7E2850AA60000A21EE /* SignIn */ = {
			isa = PBXGroup;
			children = (
				77403C822850AA60000A21EE /* GettingStartView.swift */,
				77403C812850AA60000A21EE /* SetNicknameView.swift */,
				77403C7F2850AA60000A21EE /* SetBirthdayView.swift */,
				77403C872850AFEE000A21EE /* SetFirstDayView.swift */,
				77403C892850B7E9000A21EE /* SelectWhatToDoView.swift */,
				77403C802850AA60000A21EE /* User.swift */,
			);
			path = SignIn;
			sourceTree = "<group>";
		};
		77813ADD2855B3DF0084828D /* Recovered References */ = {
			isa = PBXGroup;
			children = (
			);
			name = "Recovered References";
			sourceTree = "<group>";
		};
		77813AE32855B4BF0084828D /* Pill */ = {
			isa = PBXGroup;
			children = (
				77813AE12855B4B40084828D /* PillView.swift */,
				A44EE04C2856C74B00CC25A0 /* PillListView.swift */,
				A44EE04A2856C71000CC25A0 /* Pill.swift */,
				A464B6902859C710003DC2EA /* PillPopUpView.swift */,
			);
			path = Pill;
			sourceTree = "<group>";
		};
		A44EE0452856C15400CC25A0 /* Flower */ = {
			isa = PBXGroup;
			children = (
				A44EE0462856C15400CC25A0 /* FlowerListView.swift */,
				A44EE0472856C15400CC25A0 /* FlowerView.swift */,
				A4DA9D2C28571B4C0038B34D /* FlowerPopUpView.swift */,
				A44EE0482856C6E900CC25A0 /* Flower.swift */,
			);
			path = Flower;
			sourceTree = "<group>";
		};
		A9326227284F2A1300E5C0A3 /* PictureGift */ = {
			isa = PBXGroup;
			children = (
				A92A88C628506B8700A71FCC /* PhotoCardsView.swift */,
				A9326228284F2A2800E5C0A3 /* PhotoGiftView.swift */,
			);
			path = PictureGift;
			sourceTree = "<group>";
		};
		A9452D872858DD44003E6450 /* CoupleInformation */ = {
			isa = PBXGroup;
			children = (
				A9452D852858DD3B003E6450 /* CoupleInformation.swift */,
				A9452D882858E084003E6450 /* DetailedInformationView.swift */,
			);
			path = CoupleInformation;
			sourceTree = "<group>";
		};
		C9CEAEC9284F159400769E4E /* Calendar */ = {
			isa = PBXGroup;
			children = (
				C9CEAECF284F18FA00769E4E /* CalendarBack.swift */,
				C9CEAECA284F15DA00769E4E /* CalendarMain.swift */,
				C9CEAED5284F394A00769E4E /* PlusSetting.swift */,
				C9FE9E0728571F71007B6EA5 /* MoveDatePicker.swift */,
			);
			path = Calendar;
			sourceTree = "<group>";
		};
/* End PBXGroup section */

/* Begin PBXNativeTarget section */
		3EBE43732849B6D30085C7C6 /* liveOn */ = {
			isa = PBXNativeTarget;
			buildConfigurationList = 3EBE43822849B6D50085C7C6 /* Build configuration list for PBXNativeTarget "liveOn" */;
			buildPhases = (
				77196612284B3EF2002E6AC0 /* SwiftLint Script */,
				3EBE43702849B6D30085C7C6 /* Sources */,
				3EBE43712849B6D30085C7C6 /* Frameworks */,
				3EBE43722849B6D30085C7C6 /* Resources */,
			);
			buildRules = (
			);
			dependencies = (
			);
			name = liveOn;
			packageProductDependencies = (
				77403C9128524487000A21EE /* FSCalendar */,
				A96DE307285859FF00A06E1D /* CombineMoya */,
				A96DE309285859FF00A06E1D /* Moya */,
				A96DE30B285859FF00A06E1D /* ReactiveMoya */,
				A96DE30D285859FF00A06E1D /* RxMoya */,
				3EDF0F3E285867910048A63C /* Moya */,
				3EDF0F46285879D20048A63C /* FSCalendar */,
			);
			productName = liveOn;
			productReference = 3EBE43742849B6D30085C7C6 /* liveOn.app */;
			productType = "com.apple.product-type.application";
		};
/* End PBXNativeTarget section */

/* Begin PBXProject section */
		3EBE436C2849B6D30085C7C6 /* Project object */ = {
			isa = PBXProject;
			attributes = {
				BuildIndependentTargetsInParallel = 1;
				LastSwiftUpdateCheck = 1340;
				LastUpgradeCheck = 1340;
				TargetAttributes = {
					3EBE43732849B6D30085C7C6 = {
						CreatedOnToolsVersion = 13.4;
					};
				};
			};
			buildConfigurationList = 3EBE436F2849B6D30085C7C6 /* Build configuration list for PBXProject "liveOn" */;
			compatibilityVersion = "Xcode 13.0";
			developmentRegion = en;
			hasScannedForEncodings = 0;
			knownRegions = (
				en,
				Base,
			);
			mainGroup = 3EBE436B2849B6D30085C7C6;
			packageReferences = (
				77403C9028524487000A21EE /* XCRemoteSwiftPackageReference "FSCalendar" */,
				A96DE306285859FF00A06E1D /* XCRemoteSwiftPackageReference "Moya" */,
				3EDF0F3D285867910048A63C /* XCRemoteSwiftPackageReference "Moya" */,
				3EDF0F45285879D20048A63C /* XCRemoteSwiftPackageReference "FSCalendar" */,
			);
			productRefGroup = 3EBE43752849B6D30085C7C6 /* Products */;
			projectDirPath = "";
			projectRoot = "";
			targets = (
				3EBE43732849B6D30085C7C6 /* liveOn */,
			);
		};
/* End PBXProject section */

/* Begin PBXResourcesBuildPhase section */
		3EBE43722849B6D30085C7C6 /* Resources */ = {
			isa = PBXResourcesBuildPhase;
			buildActionMask = 2147483647;
			files = (
				3EDF0F6E285A0E7D0048A63C /* test3.m4a in Resources */,
				3EDF0F6F285A0E7D0048A63C /* test1.m4a in Resources */,
				77196611284B3E61002E6AC0 /* .swiftlint.yml in Resources */,
				3EBE437F2849B6D50085C7C6 /* Preview Assets.xcassets in Resources */,
				3EBE437C2849B6D50085C7C6 /* Assets.xcassets in Resources */,
				3EDF0F70285A0E7D0048A63C /* test2.m4a in Resources */,
			);
			runOnlyForDeploymentPostprocessing = 0;
		};
/* End PBXResourcesBuildPhase section */

/* Begin PBXShellScriptBuildPhase section */
		77196612284B3EF2002E6AC0 /* SwiftLint Script */ = {
			isa = PBXShellScriptBuildPhase;
			buildActionMask = 2147483647;
			files = (
			);
			inputFileListPaths = (
			);
			inputPaths = (
			);
			name = "SwiftLint Script";
			outputFileListPaths = (
			);
			outputPaths = (
			);
			runOnlyForDeploymentPostprocessing = 0;
			shellPath = /bin/sh;
			shellScript = "export PATH=\"$PATH:/opt/homebrew/bin\"\nif which swiftlint > /dev/null; then\n    swiftlint autocorrect\nelse\n  echo \"warning: SwiftLint not installed, download from https://github.com/realm/SwiftLint\"\nfi\n";
		};
/* End PBXShellScriptBuildPhase section */

/* Begin PBXSourcesBuildPhase section */
		3EBE43702849B6D30085C7C6 /* Sources */ = {
			isa = PBXSourcesBuildPhase;
			buildActionMask = 2147483647;
			files = (
				C91EB94B2858692A00EB648B /* ServerCommunication.swift in Sources */,
				C91EB94A285868F100EB648B /* FlowerListView.swift in Sources */,
				C92B3BE5285175070010C49A /* PhotoGiftView.swift in Sources */,
				77A9654B285A5BFB00511556 /* AppleSocialLogin.swift in Sources */,
				77196616284B4DC7002E6AC0 /* CreateGiftListView.swift in Sources */,
				A44EE0492856C6E900CC25A0 /* Flower.swift in Sources */,
				77A9654D285A626800511556 /* AuthenticationViewModel.swift in Sources */,
				A932622D284F2AA900E5C0A3 /* MyImage.swift in Sources */,
				A44EE04B2856C71000CC25A0 /* Pill.swift in Sources */,
				C9CEAED6284F394A00769E4E /* PlusSetting.swift in Sources */,
				3EC5EA8C2856C6E400DEBA44 /* ConvertSecToMinAndHour.swift in Sources */,
				77403C882850AFEE000A21EE /* SetFirstDayView.swift in Sources */,
				77403C832850AA60000A21EE /* SetBirthdayView.swift in Sources */,
				3EC5EA8A2856C38100DEBA44 /* VoicemailCassetteView.swift in Sources */,
				77403C842850AA60000A21EE /* User.swift in Sources */,
				3EDF0F4428586CEA0048A63C /* NetworkLoggerPlugin.swift in Sources */,
				A4DA9D2D28571B4C0038B34D /* FlowerPopUpView.swift in Sources */,
				A932622F284F2AD400E5C0A3 /* ImagePicker.swift in Sources */,
				A464B6912859C710003DC2EA /* PillPopUpView.swift in Sources */,
				A9452D862858DD3B003E6450 /* CoupleInformation.swift in Sources */,
				77403C8F28519B04000A21EE /* SignInWithAppleViewModel.swift in Sources */,
				C9CEAECB284F15DA00769E4E /* CalendarMain.swift in Sources */,
				3E9206D0284F3BA300D064E6 /* Test.swift in Sources */,
				3EDF0F41285868520048A63C /* ServerCommunicationViewModel.swift in Sources */,
				77A30A8E285B05B9009548E5 /* VoicemailCassette.swift in Sources */,
				3EDF0F41285868520048A63C /* ServerCommunicationViewModel.swift in Sources */,
				C9CEAECE284F17E300769E4E /* ColorExtension.swift in Sources */,
				C91EB9532859A42500EB648B /* DateExtension.swift in Sources */,
				77403C862850AA60000A21EE /* GettingStartView.swift in Sources */,
				A4DA9D2B28571AD60038B34D /* FlowerView.swift in Sources */,
				3EBE437A2849B6D30085C7C6 /* ContentView.swift in Sources */,
				773C1A52284F37E400E93BFE /* Letter.swift in Sources */,
				773C1A56284F3A5800E93BFE /* CreateLetterView.swift in Sources */,
				A981538128587CE100476507 /* BackButtonExtension.swift in Sources */,
				3E9206D3285035D900D064E6 /* VoiceRecorderViewModel.swift in Sources */,
				C9CEAED0284F18FA00769E4E /* CalendarBack.swift in Sources */,
				3E9206B6284AE2C400D064E6 /* ImageViewModel.swift in Sources */,
				3EBE43782849B6D30085C7C6 /* liveOnApp.swift in Sources */,
				A44EE04D2856C74B00CC25A0 /* PillListView.swift in Sources */,
				C97222EF2859BFCB004B3628 /* DateToStringEvent.swift in Sources */,
				77403C852850AA60000A21EE /* SetNicknameView.swift in Sources */,
				773C1A58284F3B5500E93BFE /* TextLimiter.swift in Sources */,
				77196614284B41E8002E6AC0 /* GiftBoxView.swift in Sources */,
				773C1A54284F37F700E93BFE /* LetterListView.swift in Sources */,
				A92A88C728506B8700A71FCC /* PhotoCardsView.swift in Sources */,
				3E9206CC284F343200D064E6 /* Recording.swift in Sources */,
				C9FE9E0828571F71007B6EA5 /* MoveDatePicker.swift in Sources */,
				3E9206C2284B24CF00D064E6 /* DateToStringViewModel.swift in Sources */,
				3E9206C2284B24CF00D064E6 /* DateToStringViewModel.swift in Sources */,
				77813AE22855B4B40084828D /* PillView.swift in Sources */,
				C9CEAEC8284F151A00769E4E /* DateValue.swift in Sources */,
				77A30A8C285B0588009548E5 /* VoicemailsView.swift in Sources */,
				3E9206C2284B24CF00D064E6 /* DateToStringViewModel.swift in Sources */,
				3E9206C2284B24CF00D064E6 /* DateToStringViewModel.swift in Sources */,
				77813AE22855B4B40084828D /* PillView.swift in Sources */,
				C9CEAEC8284F151A00769E4E /* DateValue.swift in Sources */,
				77403C8A2850B7E9000A21EE /* SelectWhatToDoView.swift in Sources */,
				A932622B284F2A9600E5C0A3 /* Picker.swift in Sources */,
				3E9206C0284B249C00D064E6 /* VoicemailView.swift in Sources */,
				A9326231284F2B0700E5C0A3 /* FileManager+Extension.swift in Sources */,
				A9452D892858E084003E6450 /* DetailedInformationView.swift in Sources */,
			);
			runOnlyForDeploymentPostprocessing = 0;
		};
/* End PBXSourcesBuildPhase section */

/* Begin XCBuildConfiguration section */
		3EBE43802849B6D50085C7C6 /* Debug */ = {
			isa = XCBuildConfiguration;
			buildSettings = {
				ALWAYS_SEARCH_USER_PATHS = NO;
				CLANG_ANALYZER_NONNULL = YES;
				CLANG_ANALYZER_NUMBER_OBJECT_CONVERSION = YES_AGGRESSIVE;
				CLANG_CXX_LANGUAGE_STANDARD = "gnu++17";
				CLANG_ENABLE_MODULES = YES;
				CLANG_ENABLE_OBJC_ARC = YES;
				CLANG_ENABLE_OBJC_WEAK = YES;
				CLANG_WARN_BLOCK_CAPTURE_AUTORELEASING = YES;
				CLANG_WARN_BOOL_CONVERSION = YES;
				CLANG_WARN_COMMA = YES;
				CLANG_WARN_CONSTANT_CONVERSION = YES;
				CLANG_WARN_DEPRECATED_OBJC_IMPLEMENTATIONS = YES;
				CLANG_WARN_DIRECT_OBJC_ISA_USAGE = YES_ERROR;
				CLANG_WARN_DOCUMENTATION_COMMENTS = YES;
				CLANG_WARN_EMPTY_BODY = YES;
				CLANG_WARN_ENUM_CONVERSION = YES;
				CLANG_WARN_INFINITE_RECURSION = YES;
				CLANG_WARN_INT_CONVERSION = YES;
				CLANG_WARN_NON_LITERAL_NULL_CONVERSION = YES;
				CLANG_WARN_OBJC_IMPLICIT_RETAIN_SELF = YES;
				CLANG_WARN_OBJC_LITERAL_CONVERSION = YES;
				CLANG_WARN_OBJC_ROOT_CLASS = YES_ERROR;
				CLANG_WARN_QUOTED_INCLUDE_IN_FRAMEWORK_HEADER = YES;
				CLANG_WARN_RANGE_LOOP_ANALYSIS = YES;
				CLANG_WARN_STRICT_PROTOTYPES = YES;
				CLANG_WARN_SUSPICIOUS_MOVE = YES;
				CLANG_WARN_UNGUARDED_AVAILABILITY = YES_AGGRESSIVE;
				CLANG_WARN_UNREACHABLE_CODE = YES;
				CLANG_WARN__DUPLICATE_METHOD_MATCH = YES;
				COPY_PHASE_STRIP = NO;
				DEBUG_INFORMATION_FORMAT = dwarf;
				ENABLE_STRICT_OBJC_MSGSEND = YES;
				ENABLE_TESTABILITY = YES;
				GCC_C_LANGUAGE_STANDARD = gnu11;
				GCC_DYNAMIC_NO_PIC = NO;
				GCC_NO_COMMON_BLOCKS = YES;
				GCC_OPTIMIZATION_LEVEL = 0;
				GCC_PREPROCESSOR_DEFINITIONS = (
					"DEBUG=1",
					"$(inherited)",
				);
				GCC_WARN_64_TO_32_BIT_CONVERSION = YES;
				GCC_WARN_ABOUT_RETURN_TYPE = YES_ERROR;
				GCC_WARN_UNDECLARED_SELECTOR = YES;
				GCC_WARN_UNINITIALIZED_AUTOS = YES_AGGRESSIVE;
				GCC_WARN_UNUSED_FUNCTION = YES;
				GCC_WARN_UNUSED_VARIABLE = YES;
				IPHONEOS_DEPLOYMENT_TARGET = 15.5;
				MTL_ENABLE_DEBUG_INFO = INCLUDE_SOURCE;
				MTL_FAST_MATH = YES;
				ONLY_ACTIVE_ARCH = YES;
				SDKROOT = iphoneos;
				SWIFT_ACTIVE_COMPILATION_CONDITIONS = DEBUG;
				SWIFT_OPTIMIZATION_LEVEL = "-Onone";
			};
			name = Debug;
		};
		3EBE43812849B6D50085C7C6 /* Release */ = {
			isa = XCBuildConfiguration;
			buildSettings = {
				ALWAYS_SEARCH_USER_PATHS = NO;
				CLANG_ANALYZER_NONNULL = YES;
				CLANG_ANALYZER_NUMBER_OBJECT_CONVERSION = YES_AGGRESSIVE;
				CLANG_CXX_LANGUAGE_STANDARD = "gnu++17";
				CLANG_ENABLE_MODULES = YES;
				CLANG_ENABLE_OBJC_ARC = YES;
				CLANG_ENABLE_OBJC_WEAK = YES;
				CLANG_WARN_BLOCK_CAPTURE_AUTORELEASING = YES;
				CLANG_WARN_BOOL_CONVERSION = YES;
				CLANG_WARN_COMMA = YES;
				CLANG_WARN_CONSTANT_CONVERSION = YES;
				CLANG_WARN_DEPRECATED_OBJC_IMPLEMENTATIONS = YES;
				CLANG_WARN_DIRECT_OBJC_ISA_USAGE = YES_ERROR;
				CLANG_WARN_DOCUMENTATION_COMMENTS = YES;
				CLANG_WARN_EMPTY_BODY = YES;
				CLANG_WARN_ENUM_CONVERSION = YES;
				CLANG_WARN_INFINITE_RECURSION = YES;
				CLANG_WARN_INT_CONVERSION = YES;
				CLANG_WARN_NON_LITERAL_NULL_CONVERSION = YES;
				CLANG_WARN_OBJC_IMPLICIT_RETAIN_SELF = YES;
				CLANG_WARN_OBJC_LITERAL_CONVERSION = YES;
				CLANG_WARN_OBJC_ROOT_CLASS = YES_ERROR;
				CLANG_WARN_QUOTED_INCLUDE_IN_FRAMEWORK_HEADER = YES;
				CLANG_WARN_RANGE_LOOP_ANALYSIS = YES;
				CLANG_WARN_STRICT_PROTOTYPES = YES;
				CLANG_WARN_SUSPICIOUS_MOVE = YES;
				CLANG_WARN_UNGUARDED_AVAILABILITY = YES_AGGRESSIVE;
				CLANG_WARN_UNREACHABLE_CODE = YES;
				CLANG_WARN__DUPLICATE_METHOD_MATCH = YES;
				COPY_PHASE_STRIP = NO;
				DEBUG_INFORMATION_FORMAT = "dwarf-with-dsym";
				ENABLE_NS_ASSERTIONS = NO;
				ENABLE_STRICT_OBJC_MSGSEND = YES;
				GCC_C_LANGUAGE_STANDARD = gnu11;
				GCC_NO_COMMON_BLOCKS = YES;
				GCC_WARN_64_TO_32_BIT_CONVERSION = YES;
				GCC_WARN_ABOUT_RETURN_TYPE = YES_ERROR;
				GCC_WARN_UNDECLARED_SELECTOR = YES;
				GCC_WARN_UNINITIALIZED_AUTOS = YES_AGGRESSIVE;
				GCC_WARN_UNUSED_FUNCTION = YES;
				GCC_WARN_UNUSED_VARIABLE = YES;
				IPHONEOS_DEPLOYMENT_TARGET = 15.5;
				MTL_ENABLE_DEBUG_INFO = NO;
				MTL_FAST_MATH = YES;
				SDKROOT = iphoneos;
				SWIFT_COMPILATION_MODE = wholemodule;
				SWIFT_OPTIMIZATION_LEVEL = "-O";
				VALIDATE_PRODUCT = YES;
			};
			name = Release;
		};
		3EBE43832849B6D50085C7C6 /* Debug */ = {
			isa = XCBuildConfiguration;
			buildSettings = {
				ASSETCATALOG_COMPILER_APPICON_NAME = AppIcon;
				ASSETCATALOG_COMPILER_GLOBAL_ACCENT_COLOR_NAME = AccentColor;
				CODE_SIGN_ENTITLEMENTS = liveOn/liveOn.entitlements;
				CODE_SIGN_IDENTITY = "Apple Development";
				CODE_SIGN_STYLE = Automatic;
				CURRENT_PROJECT_VERSION = 1;
				DEVELOPMENT_ASSET_PATHS = "\"liveOn/Preview Content\"";
				DEVELOPMENT_TEAM = GL2J3P9PPR;
				ENABLE_PREVIEWS = YES;
				GENERATE_INFOPLIST_FILE = YES;
				INFOPLIST_KEY_UIApplicationSceneManifest_Generation = YES;
				INFOPLIST_KEY_UIApplicationSupportsIndirectInputEvents = YES;
				INFOPLIST_KEY_UILaunchScreen_Generation = YES;
				INFOPLIST_KEY_UISupportedInterfaceOrientations_iPad = "UIInterfaceOrientationPortrait UIInterfaceOrientationPortraitUpsideDown UIInterfaceOrientationLandscapeLeft UIInterfaceOrientationLandscapeRight";
				INFOPLIST_KEY_UISupportedInterfaceOrientations_iPhone = "UIInterfaceOrientationPortrait UIInterfaceOrientationLandscapeLeft UIInterfaceOrientationLandscapeRight";
				IPHONEOS_DEPLOYMENT_TARGET = 15.5;
				LD_RUNPATH_SEARCH_PATHS = (
					"$(inherited)",
					"@executable_path/Frameworks",
				);
				MARKETING_VERSION = 1.0;
				PRODUCT_BUNDLE_IDENTIFIER = dsfdf;
				PRODUCT_NAME = "$(TARGET_NAME)";
				PROVISIONING_PROFILE_SPECIFIER = "";
				SWIFT_EMIT_LOC_STRINGS = YES;
				SWIFT_VERSION = 5.0;
				TARGETED_DEVICE_FAMILY = "1,2";
			};
			name = Debug;
		};
		3EBE43842849B6D50085C7C6 /* Release */ = {
			isa = XCBuildConfiguration;
			buildSettings = {
				ASSETCATALOG_COMPILER_APPICON_NAME = AppIcon;
				ASSETCATALOG_COMPILER_GLOBAL_ACCENT_COLOR_NAME = AccentColor;
				CODE_SIGN_ENTITLEMENTS = liveOn/liveOn.entitlements;
				CODE_SIGN_IDENTITY = "Apple Development";
				CODE_SIGN_STYLE = Automatic;
				CURRENT_PROJECT_VERSION = 1;
				DEVELOPMENT_ASSET_PATHS = "\"liveOn/Preview Content\"";
				DEVELOPMENT_TEAM = VHT56LS632;
				ENABLE_PREVIEWS = YES;
				GENERATE_INFOPLIST_FILE = YES;
				INFOPLIST_KEY_UIApplicationSceneManifest_Generation = YES;
				INFOPLIST_KEY_UIApplicationSupportsIndirectInputEvents = YES;
				INFOPLIST_KEY_UILaunchScreen_Generation = YES;
				INFOPLIST_KEY_UISupportedInterfaceOrientations_iPad = "UIInterfaceOrientationPortrait UIInterfaceOrientationPortraitUpsideDown UIInterfaceOrientationLandscapeLeft UIInterfaceOrientationLandscapeRight";
				INFOPLIST_KEY_UISupportedInterfaceOrientations_iPhone = "UIInterfaceOrientationPortrait UIInterfaceOrientationLandscapeLeft UIInterfaceOrientationLandscapeRight";
				IPHONEOS_DEPLOYMENT_TARGET = 15.5;
				LD_RUNPATH_SEARCH_PATHS = (
					"$(inherited)",
					"@executable_path/Frameworks",
				);
				MARKETING_VERSION = 1.0;
				PRODUCT_BUNDLE_IDENTIFIER = "com-id.liveOn--explicit-";
				PRODUCT_NAME = "$(TARGET_NAME)";
				PROVISIONING_PROFILE_SPECIFIER = "";
				SWIFT_EMIT_LOC_STRINGS = YES;
				SWIFT_VERSION = 5.0;
				TARGETED_DEVICE_FAMILY = "1,2";
			};
			name = Release;
		};
/* End XCBuildConfiguration section */

/* Begin XCConfigurationList section */
		3EBE436F2849B6D30085C7C6 /* Build configuration list for PBXProject "liveOn" */ = {
			isa = XCConfigurationList;
			buildConfigurations = (
				3EBE43802849B6D50085C7C6 /* Debug */,
				3EBE43812849B6D50085C7C6 /* Release */,
			);
			defaultConfigurationIsVisible = 0;
			defaultConfigurationName = Release;
		};
		3EBE43822849B6D50085C7C6 /* Build configuration list for PBXNativeTarget "liveOn" */ = {
			isa = XCConfigurationList;
			buildConfigurations = (
				3EBE43832849B6D50085C7C6 /* Debug */,
				3EBE43842849B6D50085C7C6 /* Release */,
			);
			defaultConfigurationIsVisible = 0;
			defaultConfigurationName = Release;
		};
/* End XCConfigurationList section */

/* Begin XCRemoteSwiftPackageReference section */
		3EDF0F3D285867910048A63C /* XCRemoteSwiftPackageReference "Moya" */ = {
			isa = XCRemoteSwiftPackageReference;
			repositoryURL = "https://github.com/Moya/Moya";
			requirement = {
				branch = master;
				kind = branch;
			};
		};
		3EDF0F45285879D20048A63C /* XCRemoteSwiftPackageReference "FSCalendar" */ = {
			isa = XCRemoteSwiftPackageReference;
			repositoryURL = "https://github.com/WenchaoD/FSCalendar";
			requirement = {
				kind = upToNextMajorVersion;
				minimumVersion = 2.0.0;
			};
		};
		77403C9028524487000A21EE /* XCRemoteSwiftPackageReference "FSCalendar" */ = {
			isa = XCRemoteSwiftPackageReference;
			repositoryURL = "https://github.com/WenchaoD/FSCalendar.git";
			requirement = {
				kind = upToNextMajorVersion;
				minimumVersion = 2.0.0;
			};
		};
		A96DE306285859FF00A06E1D /* XCRemoteSwiftPackageReference "Moya" */ = {
			isa = XCRemoteSwiftPackageReference;
			repositoryURL = "https://github.com/Moya/Moya.git";
			requirement = {
				branch = master;
				kind = branch;
			};
		};
/* End XCRemoteSwiftPackageReference section */

/* Begin XCSwiftPackageProductDependency section */
		3EDF0F3E285867910048A63C /* Moya */ = {
			isa = XCSwiftPackageProductDependency;
			package = 3EDF0F3D285867910048A63C /* XCRemoteSwiftPackageReference "Moya" */;
			productName = Moya;
		};
		3EDF0F46285879D20048A63C /* FSCalendar */ = {
			isa = XCSwiftPackageProductDependency;
			package = 3EDF0F45285879D20048A63C /* XCRemoteSwiftPackageReference "FSCalendar" */;
			productName = FSCalendar;
		};
		77403C9128524487000A21EE /* FSCalendar */ = {
			isa = XCSwiftPackageProductDependency;
			package = 77403C9028524487000A21EE /* XCRemoteSwiftPackageReference "FSCalendar" */;
			productName = FSCalendar;
		};
		A96DE307285859FF00A06E1D /* CombineMoya */ = {
			isa = XCSwiftPackageProductDependency;
			package = A96DE306285859FF00A06E1D /* XCRemoteSwiftPackageReference "Moya" */;
			productName = CombineMoya;
		};
		A96DE309285859FF00A06E1D /* Moya */ = {
			isa = XCSwiftPackageProductDependency;
			package = A96DE306285859FF00A06E1D /* XCRemoteSwiftPackageReference "Moya" */;
			productName = Moya;
		};
		A96DE30B285859FF00A06E1D /* ReactiveMoya */ = {
			isa = XCSwiftPackageProductDependency;
			package = A96DE306285859FF00A06E1D /* XCRemoteSwiftPackageReference "Moya" */;
			productName = ReactiveMoya;
		};
		A96DE30D285859FF00A06E1D /* RxMoya */ = {
			isa = XCSwiftPackageProductDependency;
			package = A96DE306285859FF00A06E1D /* XCRemoteSwiftPackageReference "Moya" */;
			productName = RxMoya;
		};
/* End XCSwiftPackageProductDependency section */
	};
	rootObject = 3EBE436C2849B6D30085C7C6 /* Project object */;
}
