// !$*UTF8*$!
{
	archiveVersion = 1;
	classes = {
	};
	objectVersion = 55;
	objects = {

/* Begin PBXBuildFile section */
		3E9206B4284AE2B700D064E6 /* Model.swift in Sources */ = {isa = PBXBuildFile; fileRef = 3E9206B3284AE2B700D064E6 /* Model.swift */; };
		3E9206B6284AE2C400D064E6 /* ViewModel.swift in Sources */ = {isa = PBXBuildFile; fileRef = 3E9206B5284AE2C400D064E6 /* ViewModel.swift */; };
		3E9206C0284B249C00D064E6 /* VoicemailView.swift in Sources */ = {isa = PBXBuildFile; fileRef = 3E9206BF284B249C00D064E6 /* VoicemailView.swift */; };
		3E9206C2284B24CF00D064E6 /* DateToStringVM.swift in Sources */ = {isa = PBXBuildFile; fileRef = 3E9206C1284B24CF00D064E6 /* DateToStringVM.swift */; };
		3E9206CC284F343200D064E6 /* Recording.swift in Sources */ = {isa = PBXBuildFile; fileRef = 3E9206CB284F343200D064E6 /* Recording.swift */; };
		3EBE43782849B6D30085C7C6 /* liveOnApp.swift in Sources */ = {isa = PBXBuildFile; fileRef = 3EBE43772849B6D30085C7C6 /* liveOnApp.swift */; };
		3EBE437A2849B6D30085C7C6 /* ContentView.swift in Sources */ = {isa = PBXBuildFile; fileRef = 3EBE43792849B6D30085C7C6 /* ContentView.swift */; };
		3EBE437C2849B6D50085C7C6 /* Assets.xcassets in Resources */ = {isa = PBXBuildFile; fileRef = 3EBE437B2849B6D50085C7C6 /* Assets.xcassets */; };
		3EBE437F2849B6D50085C7C6 /* Preview Assets.xcassets in Resources */ = {isa = PBXBuildFile; fileRef = 3EBE437E2849B6D50085C7C6 /* Preview Assets.xcassets */; };
		77196611284B3E61002E6AC0 /* .swiftlint.yml in Resources */ = {isa = PBXBuildFile; fileRef = 77196610284B3E61002E6AC0 /* .swiftlint.yml */; };
		77196614284B41E8002E6AC0 /* GiftBoxView.swift in Sources */ = {isa = PBXBuildFile; fileRef = 77196613284B41E8002E6AC0 /* GiftBoxView.swift */; };
		77196616284B4DC7002E6AC0 /* CreateGiftListView.swift in Sources */ = {isa = PBXBuildFile; fileRef = 77196615284B4DC7002E6AC0 /* CreateGiftListView.swift */; };
		773C1A52284F37E400E93BFE /* Letter.swift in Sources */ = {isa = PBXBuildFile; fileRef = 773C1A51284F37E400E93BFE /* Letter.swift */; };
		773C1A54284F37F700E93BFE /* LetterListView.swift in Sources */ = {isa = PBXBuildFile; fileRef = 773C1A53284F37F700E93BFE /* LetterListView.swift */; };
		773C1A56284F3A5800E93BFE /* CreateLetterView.swift in Sources */ = {isa = PBXBuildFile; fileRef = 773C1A55284F3A5800E93BFE /* CreateLetterView.swift */; };
		773C1A58284F3B5500E93BFE /* TextLimiter.swift in Sources */ = {isa = PBXBuildFile; fileRef = 773C1A57284F3B5500E93BFE /* TextLimiter.swift */; };
		A9326229284F2A2800E5C0A3 /* PictureGiftView.swift in Sources */ = {isa = PBXBuildFile; fileRef = A9326228284F2A2800E5C0A3 /* PictureGiftView.swift */; };
		A932622B284F2A9600E5C0A3 /* Picker.swift in Sources */ = {isa = PBXBuildFile; fileRef = A932622A284F2A9600E5C0A3 /* Picker.swift */; };
		A932622D284F2AA900E5C0A3 /* MyImage.swift in Sources */ = {isa = PBXBuildFile; fileRef = A932622C284F2AA900E5C0A3 /* MyImage.swift */; };
		A932622F284F2AD400E5C0A3 /* ImagePicker.swift in Sources */ = {isa = PBXBuildFile; fileRef = A932622E284F2AD400E5C0A3 /* ImagePicker.swift */; };
		A9326231284F2B0700E5C0A3 /* FileManager+Extension.swift in Sources */ = {isa = PBXBuildFile; fileRef = A9326230284F2B0700E5C0A3 /* FileManager+Extension.swift */; };
		C9CEAEC8284F151A00769E4E /* DateValue.swift in Sources */ = {isa = PBXBuildFile; fileRef = C9CEAEC7284F151A00769E4E /* DateValue.swift */; };
		C9CEAECB284F15DA00769E4E /* CalendarMain.swift in Sources */ = {isa = PBXBuildFile; fileRef = C9CEAECA284F15DA00769E4E /* CalendarMain.swift */; };
		C9CEAECD284F164100769E4E /* Memo.swift in Sources */ = {isa = PBXBuildFile; fileRef = C9CEAECC284F164100769E4E /* Memo.swift */; };
		C9CEAECE284F17E300769E4E /* ColorExtension.swift in Sources */ = {isa = PBXBuildFile; fileRef = 77196618284C6FA9002E6AC0 /* ColorExtension.swift */; };
		C9CEAED0284F18FA00769E4E /* CalendarBack.swift in Sources */ = {isa = PBXBuildFile; fileRef = C9CEAECF284F18FA00769E4E /* CalendarBack.swift */; };
		C9CEAED6284F394A00769E4E /* PlusSetting.swift in Sources */ = {isa = PBXBuildFile; fileRef = C9CEAED5284F394A00769E4E /* PlusSetting.swift */; };
/* End PBXBuildFile section */

/* Begin PBXFileReference section */
		3E9206B3284AE2B700D064E6 /* Model.swift */ = {isa = PBXFileReference; lastKnownFileType = sourcecode.swift; path = Model.swift; sourceTree = "<group>"; };
		3E9206B5284AE2C400D064E6 /* ViewModel.swift */ = {isa = PBXFileReference; lastKnownFileType = sourcecode.swift; path = ViewModel.swift; sourceTree = "<group>"; };
		3E9206BF284B249C00D064E6 /* VoicemailView.swift */ = {isa = PBXFileReference; lastKnownFileType = sourcecode.swift; path = VoicemailView.swift; sourceTree = "<group>"; };
		3E9206C1284B24CF00D064E6 /* DateToStringVM.swift */ = {isa = PBXFileReference; lastKnownFileType = sourcecode.swift; path = DateToStringVM.swift; sourceTree = "<group>"; };
		3E9206C7284C2A3100D064E6 /* VoiceRecorderVM.swift */ = {isa = PBXFileReference; lastKnownFileType = sourcecode.swift; path = VoiceRecorderVM.swift; sourceTree = "<group>"; };
		3E9206CB284F343200D064E6 /* Recording.swift */ = {isa = PBXFileReference; lastKnownFileType = sourcecode.swift; path = Recording.swift; sourceTree = "<group>"; };
		3EBE43742849B6D30085C7C6 /* liveOn.app */ = {isa = PBXFileReference; explicitFileType = wrapper.application; includeInIndex = 0; path = liveOn.app; sourceTree = BUILT_PRODUCTS_DIR; };
		3EBE43772849B6D30085C7C6 /* liveOnApp.swift */ = {isa = PBXFileReference; lastKnownFileType = sourcecode.swift; path = liveOnApp.swift; sourceTree = "<group>"; };
		3EBE43792849B6D30085C7C6 /* ContentView.swift */ = {isa = PBXFileReference; lastKnownFileType = sourcecode.swift; path = ContentView.swift; sourceTree = "<group>"; };
		3EBE437B2849B6D50085C7C6 /* Assets.xcassets */ = {isa = PBXFileReference; lastKnownFileType = folder.assetcatalog; path = Assets.xcassets; sourceTree = "<group>"; };
		3EBE437E2849B6D50085C7C6 /* Preview Assets.xcassets */ = {isa = PBXFileReference; lastKnownFileType = folder.assetcatalog; path = "Preview Assets.xcassets"; sourceTree = "<group>"; };
		77196610284B3E61002E6AC0 /* .swiftlint.yml */ = {isa = PBXFileReference; fileEncoding = 4; lastKnownFileType = text.yaml; name = .swiftlint.yml; path = liveOn/.swiftlint.yml; sourceTree = "<group>"; };
		77196613284B41E8002E6AC0 /* GiftBoxView.swift */ = {isa = PBXFileReference; lastKnownFileType = sourcecode.swift; path = GiftBoxView.swift; sourceTree = "<group>"; };
		77196615284B4DC7002E6AC0 /* CreateGiftListView.swift */ = {isa = PBXFileReference; lastKnownFileType = sourcecode.swift; path = CreateGiftListView.swift; sourceTree = "<group>"; };
		77196618284C6FA9002E6AC0 /* ColorExtension.swift */ = {isa = PBXFileReference; lastKnownFileType = sourcecode.swift; path = ColorExtension.swift; sourceTree = "<group>"; };
		773C1A51284F37E400E93BFE /* Letter.swift */ = {isa = PBXFileReference; lastKnownFileType = sourcecode.swift; path = Letter.swift; sourceTree = "<group>"; };
		773C1A53284F37F700E93BFE /* LetterListView.swift */ = {isa = PBXFileReference; lastKnownFileType = sourcecode.swift; path = LetterListView.swift; sourceTree = "<group>"; };
		773C1A55284F3A5800E93BFE /* CreateLetterView.swift */ = {isa = PBXFileReference; lastKnownFileType = sourcecode.swift; path = CreateLetterView.swift; sourceTree = "<group>"; };
		773C1A57284F3B5500E93BFE /* TextLimiter.swift */ = {isa = PBXFileReference; lastKnownFileType = sourcecode.swift; path = TextLimiter.swift; sourceTree = "<group>"; };
		A9326228284F2A2800E5C0A3 /* PictureGiftView.swift */ = {isa = PBXFileReference; lastKnownFileType = sourcecode.swift; path = PictureGiftView.swift; sourceTree = "<group>"; };
		A932622A284F2A9600E5C0A3 /* Picker.swift */ = {isa = PBXFileReference; lastKnownFileType = sourcecode.swift; path = Picker.swift; sourceTree = "<group>"; };
		A932622C284F2AA900E5C0A3 /* MyImage.swift */ = {isa = PBXFileReference; lastKnownFileType = sourcecode.swift; path = MyImage.swift; sourceTree = "<group>"; };
		A932622E284F2AD400E5C0A3 /* ImagePicker.swift */ = {isa = PBXFileReference; lastKnownFileType = sourcecode.swift; path = ImagePicker.swift; sourceTree = "<group>"; };
		A9326230284F2B0700E5C0A3 /* FileManager+Extension.swift */ = {isa = PBXFileReference; lastKnownFileType = sourcecode.swift; path = "FileManager+Extension.swift"; sourceTree = "<group>"; };
		C9CEAEC7284F151A00769E4E /* DateValue.swift */ = {isa = PBXFileReference; lastKnownFileType = sourcecode.swift; path = DateValue.swift; sourceTree = "<group>"; };
		C9CEAECA284F15DA00769E4E /* CalendarMain.swift */ = {isa = PBXFileReference; lastKnownFileType = sourcecode.swift; path = CalendarMain.swift; sourceTree = "<group>"; };
		C9CEAECC284F164100769E4E /* Memo.swift */ = {isa = PBXFileReference; lastKnownFileType = sourcecode.swift; path = Memo.swift; sourceTree = "<group>"; };
		C9CEAECF284F18FA00769E4E /* CalendarBack.swift */ = {isa = PBXFileReference; lastKnownFileType = sourcecode.swift; path = CalendarBack.swift; sourceTree = "<group>"; };
		C9CEAED5284F394A00769E4E /* PlusSetting.swift */ = {isa = PBXFileReference; lastKnownFileType = sourcecode.swift; path = PlusSetting.swift; sourceTree = "<group>"; };
/* End PBXFileReference section */

/* Begin PBXFrameworksBuildPhase section */
		3EBE43712849B6D30085C7C6 /* Frameworks */ = {
			isa = PBXFrameworksBuildPhase;
			buildActionMask = 2147483647;
			files = (
			);
			runOnlyForDeploymentPostprocessing = 0;
		};
/* End PBXFrameworksBuildPhase section */

/* Begin PBXGroup section */
		3E9206B0284AE1CC00D064E6 /* Views */ = {
			isa = PBXGroup;
			children = (
				773C1A50284F37D600E93BFE /* Letter */,
				A9326227284F2A1300E5C0A3 /* PictureGift */,
				C9CEAEC9284F159400769E4E /* Calendar */,
				3E9206BE284B248E00D064E6 /* Voicemail */,
				3EBE43792849B6D30085C7C6 /* ContentView.swift */,
				77196613284B41E8002E6AC0 /* GiftBoxView.swift */,
				77196615284B4DC7002E6AC0 /* CreateGiftListView.swift */,
			);
			path = Views;
			sourceTree = "<group>";
		};
		3E9206B1284AE1D200D064E6 /* Models */ = {
			isa = PBXGroup;
			children = (
				3E9206B3284AE2B700D064E6 /* Model.swift */,
				C9CEAEC7284F151A00769E4E /* DateValue.swift */,
				C9CEAECC284F164100769E4E /* Memo.swift */,
				A932622A284F2A9600E5C0A3 /* Picker.swift */,
				A932622C284F2AA900E5C0A3 /* MyImage.swift */,
				A932622E284F2AD400E5C0A3 /* ImagePicker.swift */,
				3E9206CB284F343200D064E6 /* Recording.swift */,
			);
			path = Models;
			sourceTree = "<group>";
		};
		3E9206B2284AE1D700D064E6 /* ViewModels */ = {
			isa = PBXGroup;
			children = (
				3E9206B5284AE2C400D064E6 /* ViewModel.swift */,
				3E9206C1284B24CF00D064E6 /* DateToStringVM.swift */,
				3E9206C7284C2A3100D064E6 /* VoiceRecorderVM.swift */,
			);
			path = ViewModels;
			sourceTree = "<group>";
		};
		3E9206BE284B248E00D064E6 /* Voicemail */ = {
			isa = PBXGroup;
			children = (
				3E9206BF284B249C00D064E6 /* VoicemailView.swift */,
			);
			path = Voicemail;
			sourceTree = "<group>";
		};
		3EBE436B2849B6D30085C7C6 = {
			isa = PBXGroup;
			children = (
				77196610284B3E61002E6AC0 /* .swiftlint.yml */,
				3EBE43762849B6D30085C7C6 /* liveOn */,
				3EBE43752849B6D30085C7C6 /* Products */,
			);
			sourceTree = "<group>";
		};
		3EBE43752849B6D30085C7C6 /* Products */ = {
			isa = PBXGroup;
			children = (
				3EBE43742849B6D30085C7C6 /* liveOn.app */,
			);
			name = Products;
			sourceTree = "<group>";
		};
		3EBE43762849B6D30085C7C6 /* liveOn */ = {
			isa = PBXGroup;
			children = (
				77196617284C6F8D002E6AC0 /* Extensions */,
				3E9206B2284AE1D700D064E6 /* ViewModels */,
				3E9206B1284AE1D200D064E6 /* Models */,
				3E9206B0284AE1CC00D064E6 /* Views */,
				3EBE43772849B6D30085C7C6 /* liveOnApp.swift */,
				3EBE437B2849B6D50085C7C6 /* Assets.xcassets */,
				3EBE437D2849B6D50085C7C6 /* Preview Content */,
			);
			path = liveOn;
			sourceTree = "<group>";
		};
		3EBE437D2849B6D50085C7C6 /* Preview Content */ = {
			isa = PBXGroup;
			children = (
				3EBE437E2849B6D50085C7C6 /* Preview Assets.xcassets */,
			);
			path = "Preview Content";
			sourceTree = "<group>";
		};
		77196617284C6F8D002E6AC0 /* Extensions */ = {
			isa = PBXGroup;
			children = (
				77196618284C6FA9002E6AC0 /* ColorExtension.swift */,
				A9326230284F2B0700E5C0A3 /* FileManager+Extension.swift */,
			);
			path = Extensions;
			sourceTree = "<group>";
		};
		773C1A50284F37D600E93BFE /* Letter */ = {
			isa = PBXGroup;
			children = (
				773C1A51284F37E400E93BFE /* Letter.swift */,
				773C1A53284F37F700E93BFE /* LetterListView.swift */,
				773C1A55284F3A5800E93BFE /* CreateLetterView.swift */,
				773C1A57284F3B5500E93BFE /* TextLimiter.swift */,
			);
			path = Letter;
			sourceTree = "<group>";
		};
		A9326227284F2A1300E5C0A3 /* PictureGift */ = {
			isa = PBXGroup;
			children = (
				A9326228284F2A2800E5C0A3 /* PictureGiftView.swift */,
			);
			path = PictureGift;
			sourceTree = "<group>";
		};
		C9CEAEC9284F159400769E4E /* Calendar */ = {
			isa = PBXGroup;
			children = (
				C9CEAECF284F18FA00769E4E /* CalendarBack.swift */,
				C9CEAECA284F15DA00769E4E /* CalendarMain.swift */,
				C9CEAED5284F394A00769E4E /* PlusSetting.swift */,
			);
			path = Calendar;
			sourceTree = "<group>";
		};
/* End PBXGroup section */

/* Begin PBXNativeTarget section */
		3EBE43732849B6D30085C7C6 /* liveOn */ = {
			isa = PBXNativeTarget;
			buildConfigurationList = 3EBE43822849B6D50085C7C6 /* Build configuration list for PBXNativeTarget "liveOn" */;
			buildPhases = (
				77196612284B3EF2002E6AC0 /* SwiftLint Script */,
				3EBE43702849B6D30085C7C6 /* Sources */,
				3EBE43712849B6D30085C7C6 /* Frameworks */,
				3EBE43722849B6D30085C7C6 /* Resources */,
			);
			buildRules = (
			);
			dependencies = (
			);
			name = liveOn;
			productName = liveOn;
			productReference = 3EBE43742849B6D30085C7C6 /* liveOn.app */;
			productType = "com.apple.product-type.application";
		};
/* End PBXNativeTarget section */

/* Begin PBXProject section */
		3EBE436C2849B6D30085C7C6 /* Project object */ = {
			isa = PBXProject;
			attributes = {
				BuildIndependentTargetsInParallel = 1;
				LastSwiftUpdateCheck = 1340;
				LastUpgradeCheck = 1340;
				TargetAttributes = {
					3EBE43732849B6D30085C7C6 = {
						CreatedOnToolsVersion = 13.4;
					};
				};
			};
			buildConfigurationList = 3EBE436F2849B6D30085C7C6 /* Build configuration list for PBXProject "liveOn" */;
			compatibilityVersion = "Xcode 13.0";
			developmentRegion = en;
			hasScannedForEncodings = 0;
			knownRegions = (
				en,
				Base,
			);
			mainGroup = 3EBE436B2849B6D30085C7C6;
			productRefGroup = 3EBE43752849B6D30085C7C6 /* Products */;
			projectDirPath = "";
			projectRoot = "";
			targets = (
				3EBE43732849B6D30085C7C6 /* liveOn */,
			);
		};
/* End PBXProject section */

/* Begin PBXResourcesBuildPhase section */
		3EBE43722849B6D30085C7C6 /* Resources */ = {
			isa = PBXResourcesBuildPhase;
			buildActionMask = 2147483647;
			files = (
				77196611284B3E61002E6AC0 /* .swiftlint.yml in Resources */,
				3EBE437F2849B6D50085C7C6 /* Preview Assets.xcassets in Resources */,
				3EBE437C2849B6D50085C7C6 /* Assets.xcassets in Resources */,
			);
			runOnlyForDeploymentPostprocessing = 0;
		};
/* End PBXResourcesBuildPhase section */

/* Begin PBXShellScriptBuildPhase section */
		77196612284B3EF2002E6AC0 /* SwiftLint Script */ = {
			isa = PBXShellScriptBuildPhase;
			buildActionMask = 2147483647;
			files = (
			);
			inputFileListPaths = (
			);
			inputPaths = (
			);
			name = "SwiftLint Script";
			outputFileListPaths = (
			);
			outputPaths = (
			);
			runOnlyForDeploymentPostprocessing = 0;
			shellPath = /bin/sh;
			shellScript = "export PATH=\"$PATH:/opt/homebrew/bin\"\nif which swiftlint > /dev/null; then\n    swiftlint autocorrect\nelse\n  echo \"warning: SwiftLint not installed, download from https://github.com/realm/SwiftLint\"\nfi\n";
		};
/* End PBXShellScriptBuildPhase section */

/* Begin PBXSourcesBuildPhase section */
		3EBE43702849B6D30085C7C6 /* Sources */ = {
			isa = PBXSourcesBuildPhase;
			buildActionMask = 2147483647;
			files = (
				77196616284B4DC7002E6AC0 /* CreateGiftListView.swift in Sources */,
				A932622D284F2AA900E5C0A3 /* MyImage.swift in Sources */,
				C9CEAED6284F394A00769E4E /* PlusSetting.swift in Sources */,
				A932622F284F2AD400E5C0A3 /* ImagePicker.swift in Sources */,
				3E9206B4284AE2B700D064E6 /* Model.swift in Sources */,
				C9CEAECB284F15DA00769E4E /* CalendarMain.swift in Sources */,
				C9CEAECE284F17E300769E4E /* ColorExtension.swift in Sources */,
				3EBE437A2849B6D30085C7C6 /* ContentView.swift in Sources */,
				773C1A52284F37E400E93BFE /* Letter.swift in Sources */,
				773C1A56284F3A5800E93BFE /* CreateLetterView.swift in Sources */,
				C9CEAED0284F18FA00769E4E /* CalendarBack.swift in Sources */,
				3E9206B6284AE2C400D064E6 /* ViewModel.swift in Sources */,
				3EBE43782849B6D30085C7C6 /* liveOnApp.swift in Sources */,
				A9326229284F2A2800E5C0A3 /* PictureGiftView.swift in Sources */,
				773C1A58284F3B5500E93BFE /* TextLimiter.swift in Sources */,
				C9CEAECD284F164100769E4E /* Memo.swift in Sources */,
				77196614284B41E8002E6AC0 /* GiftBoxView.swift in Sources */,
				773C1A54284F37F700E93BFE /* LetterListView.swift in Sources */,
				3E9206CC284F343200D064E6 /* Recording.swift in Sources */,
				3E9206C2284B24CF00D064E6 /* DateToStringVM.swift in Sources */,
				C9CEAEC8284F151A00769E4E /* DateValue.swift in Sources */,
				A932622B284F2A9600E5C0A3 /* Picker.swift in Sources */,
				3E9206C0284B249C00D064E6 /* VoicemailView.swift in Sources */,
				A9326231284F2B0700E5C0A3 /* FileManager+Extension.swift in Sources */,
			);
			runOnlyForDeploymentPostprocessing = 0;
		};
/* End PBXSourcesBuildPhase section */

/* Begin XCBuildConfiguration section */
		3EBE43802849B6D50085C7C6 /* Debug */ = {
			isa = XCBuildConfiguration;
			buildSettings = {
				ALWAYS_SEARCH_USER_PATHS = NO;
				CLANG_ANALYZER_NONNULL = YES;
				CLANG_ANALYZER_NUMBER_OBJECT_CONVERSION = YES_AGGRESSIVE;
				CLANG_CXX_LANGUAGE_STANDARD = "gnu++17";
				CLANG_ENABLE_MODULES = YES;
				CLANG_ENABLE_OBJC_ARC = YES;
				CLANG_ENABLE_OBJC_WEAK = YES;
				CLANG_WARN_BLOCK_CAPTURE_AUTORELEASING = YES;
				CLANG_WARN_BOOL_CONVERSION = YES;
				CLANG_WARN_COMMA = YES;
				CLANG_WARN_CONSTANT_CONVERSION = YES;
				CLANG_WARN_DEPRECATED_OBJC_IMPLEMENTATIONS = YES;
				CLANG_WARN_DIRECT_OBJC_ISA_USAGE = YES_ERROR;
				CLANG_WARN_DOCUMENTATION_COMMENTS = YES;
				CLANG_WARN_EMPTY_BODY = YES;
				CLANG_WARN_ENUM_CONVERSION = YES;
				CLANG_WARN_INFINITE_RECURSION = YES;
				CLANG_WARN_INT_CONVERSION = YES;
				CLANG_WARN_NON_LITERAL_NULL_CONVERSION = YES;
				CLANG_WARN_OBJC_IMPLICIT_RETAIN_SELF = YES;
				CLANG_WARN_OBJC_LITERAL_CONVERSION = YES;
				CLANG_WARN_OBJC_ROOT_CLASS = YES_ERROR;
				CLANG_WARN_QUOTED_INCLUDE_IN_FRAMEWORK_HEADER = YES;
				CLANG_WARN_RANGE_LOOP_ANALYSIS = YES;
				CLANG_WARN_STRICT_PROTOTYPES = YES;
				CLANG_WARN_SUSPICIOUS_MOVE = YES;
				CLANG_WARN_UNGUARDED_AVAILABILITY = YES_AGGRESSIVE;
				CLANG_WARN_UNREACHABLE_CODE = YES;
				CLANG_WARN__DUPLICATE_METHOD_MATCH = YES;
				COPY_PHASE_STRIP = NO;
				DEBUG_INFORMATION_FORMAT = dwarf;
				ENABLE_STRICT_OBJC_MSGSEND = YES;
				ENABLE_TESTABILITY = YES;
				GCC_C_LANGUAGE_STANDARD = gnu11;
				GCC_DYNAMIC_NO_PIC = NO;
				GCC_NO_COMMON_BLOCKS = YES;
				GCC_OPTIMIZATION_LEVEL = 0;
				GCC_PREPROCESSOR_DEFINITIONS = (
					"DEBUG=1",
					"$(inherited)",
				);
				GCC_WARN_64_TO_32_BIT_CONVERSION = YES;
				GCC_WARN_ABOUT_RETURN_TYPE = YES_ERROR;
				GCC_WARN_UNDECLARED_SELECTOR = YES;
				GCC_WARN_UNINITIALIZED_AUTOS = YES_AGGRESSIVE;
				GCC_WARN_UNUSED_FUNCTION = YES;
				GCC_WARN_UNUSED_VARIABLE = YES;
				IPHONEOS_DEPLOYMENT_TARGET = 15.5;
				MTL_ENABLE_DEBUG_INFO = INCLUDE_SOURCE;
				MTL_FAST_MATH = YES;
				ONLY_ACTIVE_ARCH = YES;
				SDKROOT = iphoneos;
				SWIFT_ACTIVE_COMPILATION_CONDITIONS = DEBUG;
				SWIFT_OPTIMIZATION_LEVEL = "-Onone";
			};
			name = Debug;
		};
		3EBE43812849B6D50085C7C6 /* Release */ = {
			isa = XCBuildConfiguration;
			buildSettings = {
				ALWAYS_SEARCH_USER_PATHS = NO;
				CLANG_ANALYZER_NONNULL = YES;
				CLANG_ANALYZER_NUMBER_OBJECT_CONVERSION = YES_AGGRESSIVE;
				CLANG_CXX_LANGUAGE_STANDARD = "gnu++17";
				CLANG_ENABLE_MODULES = YES;
				CLANG_ENABLE_OBJC_ARC = YES;
				CLANG_ENABLE_OBJC_WEAK = YES;
				CLANG_WARN_BLOCK_CAPTURE_AUTORELEASING = YES;
				CLANG_WARN_BOOL_CONVERSION = YES;
				CLANG_WARN_COMMA = YES;
				CLANG_WARN_CONSTANT_CONVERSION = YES;
				CLANG_WARN_DEPRECATED_OBJC_IMPLEMENTATIONS = YES;
				CLANG_WARN_DIRECT_OBJC_ISA_USAGE = YES_ERROR;
				CLANG_WARN_DOCUMENTATION_COMMENTS = YES;
				CLANG_WARN_EMPTY_BODY = YES;
				CLANG_WARN_ENUM_CONVERSION = YES;
				CLANG_WARN_INFINITE_RECURSION = YES;
				CLANG_WARN_INT_CONVERSION = YES;
				CLANG_WARN_NON_LITERAL_NULL_CONVERSION = YES;
				CLANG_WARN_OBJC_IMPLICIT_RETAIN_SELF = YES;
				CLANG_WARN_OBJC_LITERAL_CONVERSION = YES;
				CLANG_WARN_OBJC_ROOT_CLASS = YES_ERROR;
				CLANG_WARN_QUOTED_INCLUDE_IN_FRAMEWORK_HEADER = YES;
				CLANG_WARN_RANGE_LOOP_ANALYSIS = YES;
				CLANG_WARN_STRICT_PROTOTYPES = YES;
				CLANG_WARN_SUSPICIOUS_MOVE = YES;
				CLANG_WARN_UNGUARDED_AVAILABILITY = YES_AGGRESSIVE;
				CLANG_WARN_UNREACHABLE_CODE = YES;
				CLANG_WARN__DUPLICATE_METHOD_MATCH = YES;
				COPY_PHASE_STRIP = NO;
				DEBUG_INFORMATION_FORMAT = "dwarf-with-dsym";
				ENABLE_NS_ASSERTIONS = NO;
				ENABLE_STRICT_OBJC_MSGSEND = YES;
				GCC_C_LANGUAGE_STANDARD = gnu11;
				GCC_NO_COMMON_BLOCKS = YES;
				GCC_WARN_64_TO_32_BIT_CONVERSION = YES;
				GCC_WARN_ABOUT_RETURN_TYPE = YES_ERROR;
				GCC_WARN_UNDECLARED_SELECTOR = YES;
				GCC_WARN_UNINITIALIZED_AUTOS = YES_AGGRESSIVE;
				GCC_WARN_UNUSED_FUNCTION = YES;
				GCC_WARN_UNUSED_VARIABLE = YES;
				IPHONEOS_DEPLOYMENT_TARGET = 15.5;
				MTL_ENABLE_DEBUG_INFO = NO;
				MTL_FAST_MATH = YES;
				SDKROOT = iphoneos;
				SWIFT_COMPILATION_MODE = wholemodule;
				SWIFT_OPTIMIZATION_LEVEL = "-O";
				VALIDATE_PRODUCT = YES;
			};
			name = Release;
		};
		3EBE43832849B6D50085C7C6 /* Debug */ = {
			isa = XCBuildConfiguration;
			buildSettings = {
				ASSETCATALOG_COMPILER_APPICON_NAME = AppIcon;
				ASSETCATALOG_COMPILER_GLOBAL_ACCENT_COLOR_NAME = AccentColor;
				CODE_SIGN_STYLE = Automatic;
				CURRENT_PROJECT_VERSION = 1;
				DEVELOPMENT_ASSET_PATHS = "\"liveOn/Preview Content\"";
				DEVELOPMENT_TEAM = S9G6YGQ76H;
				ENABLE_PREVIEWS = YES;
				GENERATE_INFOPLIST_FILE = YES;
				INFOPLIST_KEY_UIApplicationSceneManifest_Generation = YES;
				INFOPLIST_KEY_UIApplicationSupportsIndirectInputEvents = YES;
				INFOPLIST_KEY_UILaunchScreen_Generation = YES;
				INFOPLIST_KEY_UISupportedInterfaceOrientations_iPad = "UIInterfaceOrientationPortrait UIInterfaceOrientationPortraitUpsideDown UIInterfaceOrientationLandscapeLeft UIInterfaceOrientationLandscapeRight";
				INFOPLIST_KEY_UISupportedInterfaceOrientations_iPhone = "UIInterfaceOrientationPortrait UIInterfaceOrientationLandscapeLeft UIInterfaceOrientationLandscapeRight";
				LD_RUNPATH_SEARCH_PATHS = (
					"$(inherited)",
					"@executable_path/Frameworks",
				);
				MARKETING_VERSION = 1.0;
				PRODUCT_BUNDLE_IDENTIFIER = "com-id.liveOn";
				PRODUCT_NAME = "$(TARGET_NAME)";
				SWIFT_EMIT_LOC_STRINGS = YES;
				SWIFT_VERSION = 5.0;
				TARGETED_DEVICE_FAMILY = "1,2";
			};
			name = Debug;
		};
		3EBE43842849B6D50085C7C6 /* Release */ = {
			isa = XCBuildConfiguration;
			buildSettings = {
				ASSETCATALOG_COMPILER_APPICON_NAME = AppIcon;
				ASSETCATALOG_COMPILER_GLOBAL_ACCENT_COLOR_NAME = AccentColor;
				CODE_SIGN_STYLE = Automatic;
				CURRENT_PROJECT_VERSION = 1;
				DEVELOPMENT_ASSET_PATHS = "\"liveOn/Preview Content\"";
				DEVELOPMENT_TEAM = S9G6YGQ76H;
				ENABLE_PREVIEWS = YES;
				GENERATE_INFOPLIST_FILE = YES;
				INFOPLIST_KEY_UIApplicationSceneManifest_Generation = YES;
				INFOPLIST_KEY_UIApplicationSupportsIndirectInputEvents = YES;
				INFOPLIST_KEY_UILaunchScreen_Generation = YES;
				INFOPLIST_KEY_UISupportedInterfaceOrientations_iPad = "UIInterfaceOrientationPortrait UIInterfaceOrientationPortraitUpsideDown UIInterfaceOrientationLandscapeLeft UIInterfaceOrientationLandscapeRight";
				INFOPLIST_KEY_UISupportedInterfaceOrientations_iPhone = "UIInterfaceOrientationPortrait UIInterfaceOrientationLandscapeLeft UIInterfaceOrientationLandscapeRight";
				LD_RUNPATH_SEARCH_PATHS = (
					"$(inherited)",
					"@executable_path/Frameworks",
				);
				MARKETING_VERSION = 1.0;
				PRODUCT_BUNDLE_IDENTIFIER = "com-id.liveOn";
				PRODUCT_NAME = "$(TARGET_NAME)";
				SWIFT_EMIT_LOC_STRINGS = YES;
				SWIFT_VERSION = 5.0;
				TARGETED_DEVICE_FAMILY = "1,2";
			};
			name = Release;
		};
/* End XCBuildConfiguration section */

/* Begin XCConfigurationList section */
		3EBE436F2849B6D30085C7C6 /* Build configuration list for PBXProject "liveOn" */ = {
			isa = XCConfigurationList;
			buildConfigurations = (
				3EBE43802849B6D50085C7C6 /* Debug */,
				3EBE43812849B6D50085C7C6 /* Release */,
			);
			defaultConfigurationIsVisible = 0;
			defaultConfigurationName = Release;
		};
		3EBE43822849B6D50085C7C6 /* Build configuration list for PBXNativeTarget "liveOn" */ = {
			isa = XCConfigurationList;
			buildConfigurations = (
				3EBE43832849B6D50085C7C6 /* Debug */,
				3EBE43842849B6D50085C7C6 /* Release */,
			);
			defaultConfigurationIsVisible = 0;
			defaultConfigurationName = Release;
		};
/* End XCConfigurationList section */
	};
	rootObject = 3EBE436C2849B6D30085C7C6 /* Project object */;
}
